
Microsoft Visual Studio Solution File, Format Version 12.00
# Visual Studio Version 16
VisualStudioVersion = 16.0.29215.179
MinimumVisualStudioVersion = 10.0.40219.1
Project("{FAE04EC0-301F-11D3-BF4B-00C04F79EFBC}") = "FloatingButtonSample.UWP", "FloatingButtonSample\FloatingButtonSample.UWP\FloatingButtonSample.UWP.csproj", "{B79B4BFC-0AEF-48A0-A16F-8D49D973DAC2}"
EndProject
Project("{FAE04EC0-301F-11D3-BF4B-00C04F79EFBC}") = "FloatingButtonSample.Android", "FloatingButtonSample\FloatingButtonSample.Android\FloatingButtonSample.Android.csproj", "{EFB0D4BD-E6EC-4C36-86D1-ACE476DF6DB8}"
EndProject
Project("{FAE04EC0-301F-11D3-BF4B-00C04F79EFBC}") = "FloatingButtonSample.iOS", "FloatingButtonSample\FloatingButtonSample.iOS\FloatingButtonSample.iOS.csproj", "{C72B4CB4-37AF-4073-AB83-CF346A9DBA50}"
EndProject
Project("{FAE04EC0-301F-11D3-BF4B-00C04F79EFBC}") = "FloatingButtonSample", "FloatingButtonSample\FloatingButtonSample\FloatingButtonSample.csproj", "{413AFDD7-C507-4CEA-8D36-D03E2F27A0A8}"
EndProject
Global
	GlobalSection(SolutionConfigurationPlatforms) = preSolution
		Debug|Any CPU = Debug|Any CPU
		Debug|ARM = Debug|ARM
		Debug|iPhone = Debug|iPhone
		Debug|iPhoneSimulator = Debug|iPhoneSimulator
		Debug|x64 = Debug|x64
		Debug|x86 = Debug|x86
		Release|Any CPU = Release|Any CPU
		Release|ARM = Release|ARM
		Release|iPhone = Release|iPhone
		Release|iPhoneSimulator = Release|iPhoneSimulator
		Release|x64 = Release|x64
		Release|x86 = Release|x86
	EndGlobalSection
	GlobalSection(ProjectConfigurationPlatforms) = postSolution
		{B79B4BFC-0AEF-48A0-A16F-8D49D973DAC2}.Debug|Any CPU.ActiveCfg = Debug|x86
		{B79B4BFC-0AEF-48A0-A16F-8D49D973DAC2}.Debug|Any CPU.Build.0 = Debug|x86
		{B79B4BFC-0AEF-48A0-A16F-8D49D973DAC2}.Debug|Any CPU.Deploy.0 = Debug|x86
		{B79B4BFC-0AEF-48A0-A16F-8D49D973DAC2}.Debug|ARM.ActiveCfg = Debug|ARM
		{B79B4BFC-0AEF-48A0-A16F-8D49D973DAC2}.Debug|ARM.Build.0 = Debug|ARM
		{B79B4BFC-0AEF-48A0-A16F-8D49D973DAC2}.Debug|ARM.Deploy.0 = Debug|ARM
		{B79B4BFC-0AEF-48A0-A16F-8D49D973DAC2}.Debug|iPhone.ActiveCfg = Debug|x86
		{B79B4BFC-0AEF-48A0-A16F-8D49D973DAC2}.Debug|iPhone.Build.0 = Debug|x86
		{B79B4BFC-0AEF-48A0-A16F-8D49D973DAC2}.Debug|iPhone.Deploy.0 = Debug|x86
		{B79B4BFC-0AEF-48A0-A16F-8D49D973DAC2}.Debug|iPhoneSimulator.ActiveCfg = Debug|x86
		{B79B4BFC-0AEF-48A0-A16F-8D49D973DAC2}.Debug|iPhoneSimulator.Build.0 = Debug|x86
		{B79B4BFC-0AEF-48A0-A16F-8D49D973DAC2}.Debug|iPhoneSimulator.Deploy.0 = Debug|x86
		{B79B4BFC-0AEF-48A0-A16F-8D49D973DAC2}.Debug|x64.ActiveCfg = Debug|x64
		{B79B4BFC-0AEF-48A0-A16F-8D49D973DAC2}.Debug|x64.Build.0 = Debug|x64
		{B79B4BFC-0AEF-48A0-A16F-8D49D973DAC2}.Debug|x64.Deploy.0 = Debug|x64
		{B79B4BFC-0AEF-48A0-A16F-8D49D973DAC2}.Debug|x86.ActiveCfg = Debug|x86
		{B79B4BFC-0AEF-48A0-A16F-8D49D973DAC2}.Debug|x86.Build.0 = Debug|x86
		{B79B4BFC-0AEF-48A0-A16F-8D49D973DAC2}.Debug|x86.Deploy.0 = Debug|x86
		{B79B4BFC-0AEF-48A0-A16F-8D49D973DAC2}.Release|Any CPU.ActiveCfg = Release|x86
		{B79B4BFC-0AEF-48A0-A16F-8D49D973DAC2}.Release|Any CPU.Build.0 = Release|x86
		{B79B4BFC-0AEF-48A0-A16F-8D49D973DAC2}.Release|Any CPU.Deploy.0 = Release|x86
		{B79B4BFC-0AEF-48A0-A16F-8D49D973DAC2}.Release|ARM.ActiveCfg = Release|ARM
		{B79B4BFC-0AEF-48A0-A16F-8D49D973DAC2}.Release|ARM.Build.0 = Release|ARM
		{B79B4BFC-0AEF-48A0-A16F-8D49D973DAC2}.Release|ARM.Deploy.0 = Release|ARM
		{B79B4BFC-0AEF-48A0-A16F-8D49D973DAC2}.Release|iPhone.ActiveCfg = Release|x86
		{B79B4BFC-0AEF-48A0-A16F-8D49D973DAC2}.Release|iPhone.Build.0 = Release|x86
		{B79B4BFC-0AEF-48A0-A16F-8D49D973DAC2}.Release|iPhone.Deploy.0 = Release|x86
		{B79B4BFC-0AEF-48A0-A16F-8D49D973DAC2}.Release|iPhoneSimulator.ActiveCfg = Release|x86
		{B79B4BFC-0AEF-48A0-A16F-8D49D973DAC2}.Release|iPhoneSimulator.Build.0 = Release|x86
		{B79B4BFC-0AEF-48A0-A16F-8D49D973DAC2}.Release|iPhoneSimulator.Deploy.0 = Release|x86
		{B79B4BFC-0AEF-48A0-A16F-8D49D973DAC2}.Release|x64.ActiveCfg = Release|x64
		{B79B4BFC-0AEF-48A0-A16F-8D49D973DAC2}.Release|x64.Build.0 = Release|x64
		{B79B4BFC-0AEF-48A0-A16F-8D49D973DAC2}.Release|x64.Deploy.0 = Release|x64
		{B79B4BFC-0AEF-48A0-A16F-8D49D973DAC2}.Release|x86.ActiveCfg = Release|x86
		{B79B4BFC-0AEF-48A0-A16F-8D49D973DAC2}.Release|x86.Build.0 = Release|x86
		{B79B4BFC-0AEF-48A0-A16F-8D49D973DAC2}.Release|x86.Deploy.0 = Release|x86
		{EFB0D4BD-E6EC-4C36-86D1-ACE476DF6DB8}.Debug|Any CPU.ActiveCfg = Debug|Any CPU
		{EFB0D4BD-E6EC-4C36-86D1-ACE476DF6DB8}.Debug|Any CPU.Build.0 = Debug|Any CPU
		{EFB0D4BD-E6EC-4C36-86D1-ACE476DF6DB8}.Debug|Any CPU.Deploy.0 = Debug|Any CPU
		{EFB0D4BD-E6EC-4C36-86D1-ACE476DF6DB8}.Debug|ARM.ActiveCfg = Debug|Any CPU
		{EFB0D4BD-E6EC-4C36-86D1-ACE476DF6DB8}.Debug|ARM.Build.0 = Debug|Any CPU
		{EFB0D4BD-E6EC-4C36-86D1-ACE476DF6DB8}.Debug|ARM.Deploy.0 = Debug|Any CPU
		{EFB0D4BD-E6EC-4C36-86D1-ACE476DF6DB8}.Debug|iPhone.ActiveCfg = Debug|Any CPU
		{EFB0D4BD-E6EC-4C36-86D1-ACE476DF6DB8}.Debug|iPhone.Build.0 = Debug|Any CPU
		{EFB0D4BD-E6EC-4C36-86D1-ACE476DF6DB8}.Debug|iPhone.Deploy.0 = Debug|Any CPU
		{EFB0D4BD-E6EC-4C36-86D1-ACE476DF6DB8}.Debug|iPhoneSimulator.ActiveCfg = Debug|Any CPU
		{EFB0D4BD-E6EC-4C36-86D1-ACE476DF6DB8}.Debug|iPhoneSimulator.Build.0 = Debug|Any CPU
		{EFB0D4BD-E6EC-4C36-86D1-ACE476DF6DB8}.Debug|iPhoneSimulator.Deploy.0 = Debug|Any CPU
		{EFB0D4BD-E6EC-4C36-86D1-ACE476DF6DB8}.Debug|x64.ActiveCfg = Debug|Any CPU
		{EFB0D4BD-E6EC-4C36-86D1-ACE476DF6DB8}.Debug|x64.Build.0 = Debug|Any CPU
		{EFB0D4BD-E6EC-4C36-86D1-ACE476DF6DB8}.Debug|x64.Deploy.0 = Debug|Any CPU
		{EFB0D4BD-E6EC-4C36-86D1-ACE476DF6DB8}.Debug|x86.ActiveCfg = Debug|Any CPU
		{EFB0D4BD-E6EC-4C36-86D1-ACE476DF6DB8}.Debug|x86.Build.0 = Debug|Any CPU
		{EFB0D4BD-E6EC-4C36-86D1-ACE476DF6DB8}.Debug|x86.Deploy.0 = Debug|Any CPU
		{EFB0D4BD-E6EC-4C36-86D1-ACE476DF6DB8}.Release|Any CPU.ActiveCfg = Release|Any CPU
		{EFB0D4BD-E6EC-4C36-86D1-ACE476DF6DB8}.Release|Any CPU.Build.0 = Release|Any CPU
		{EFB0D4BD-E6EC-4C36-86D1-ACE476DF6DB8}.Release|Any CPU.Deploy.0 = Release|Any CPU
		{EFB0D4BD-E6EC-4C36-86D1-ACE476DF6DB8}.Release|ARM.ActiveCfg = Release|Any CPU
		{EFB0D4BD-E6EC-4C36-86D1-ACE476DF6DB8}.Release|ARM.Build.0 = Release|Any CPU
		{EFB0D4BD-E6EC-4C36-86D1-ACE476DF6DB8}.Release|ARM.Deploy.0 = Release|Any CPU
		{EFB0D4BD-E6EC-4C36-86D1-ACE476DF6DB8}.Release|iPhone.ActiveCfg = Release|Any CPU
		{EFB0D4BD-E6EC-4C36-86D1-ACE476DF6DB8}.Release|iPhone.Build.0 = Release|Any CPU
		{EFB0D4BD-E6EC-4C36-86D1-ACE476DF6DB8}.Release|iPhone.Deploy.0 = Release|Any CPU
		{EFB0D4BD-E6EC-4C36-86D1-ACE476DF6DB8}.Release|iPhoneSimulator.ActiveCfg = Release|Any CPU
		{EFB0D4BD-E6EC-4C36-86D1-ACE476DF6DB8}.Release|iPhoneSimulator.Build.0 = Release|Any CPU
		{EFB0D4BD-E6EC-4C36-86D1-ACE476DF6DB8}.Release|iPhoneSimulator.Deploy.0 = Release|Any CPU
		{EFB0D4BD-E6EC-4C36-86D1-ACE476DF6DB8}.Release|x64.ActiveCfg = Release|Any CPU
		{EFB0D4BD-E6EC-4C36-86D1-ACE476DF6DB8}.Release|x64.Build.0 = Release|Any CPU
		{EFB0D4BD-E6EC-4C36-86D1-ACE476DF6DB8}.Release|x64.Deploy.0 = Release|Any CPU
		{EFB0D4BD-E6EC-4C36-86D1-ACE476DF6DB8}.Release|x86.ActiveCfg = Release|Any CPU
		{EFB0D4BD-E6EC-4C36-86D1-ACE476DF6DB8}.Release|x86.Build.0 = Release|Any CPU
		{EFB0D4BD-E6EC-4C36-86D1-ACE476DF6DB8}.Release|x86.Deploy.0 = Release|Any CPU
		{C72B4CB4-37AF-4073-AB83-CF346A9DBA50}.Debug|Any CPU.ActiveCfg = Debug|iPhone
		{C72B4CB4-37AF-4073-AB83-CF346A9DBA50}.Debug|Any CPU.Build.0 = Debug|iPhone
		{C72B4CB4-37AF-4073-AB83-CF346A9DBA50}.Debug|Any CPU.Deploy.0 = Debug|iPhone
		{C72B4CB4-37AF-4073-AB83-CF346A9DBA50}.Debug|ARM.ActiveCfg = Debug|iPhoneSimulator
		{C72B4CB4-37AF-4073-AB83-CF346A9DBA50}.Debug|ARM.Build.0 = Debug|iPhoneSimulator
		{C72B4CB4-37AF-4073-AB83-CF346A9DBA50}.Debug|ARM.Deploy.0 = Debug|iPhoneSimulator
		{C72B4CB4-37AF-4073-AB83-CF346A9DBA50}.Debug|iPhone.ActiveCfg = Debug|iPhone
		{C72B4CB4-37AF-4073-AB83-CF346A9DBA50}.Debug|iPhone.Build.0 = Debug|iPhone
		{C72B4CB4-37AF-4073-AB83-CF346A9DBA50}.Debug|iPhone.Deploy.0 = Debug|iPhone
		{C72B4CB4-37AF-4073-AB83-CF346A9DBA50}.Debug|iPhoneSimulator.ActiveCfg = Debug|iPhoneSimulator
		{C72B4CB4-37AF-4073-AB83-CF346A9DBA50}.Debug|iPhoneSimulator.Build.0 = Debug|iPhoneSimulator
		{C72B4CB4-37AF-4073-AB83-CF346A9DBA50}.Debug|iPhoneSimulator.Deploy.0 = Debug|iPhoneSimulator
		{C72B4CB4-37AF-4073-AB83-CF346A9DBA50}.Debug|x64.ActiveCfg = Debug|iPhone
		{C72B4CB4-37AF-4073-AB83-CF346A9DBA50}.Debug|x64.Build.0 = Debug|iPhone
		{C72B4CB4-37AF-4073-AB83-CF346A9DBA50}.Debug|x64.Deploy.0 = Debug|iPhone
		{C72B4CB4-37AF-4073-AB83-CF346A9DBA50}.Debug|x86.ActiveCfg = Debug|iPhone
		{C72B4CB4-37AF-4073-AB83-CF346A9DBA50}.Debug|x86.Build.0 = Debug|iPhone
		{C72B4CB4-37AF-4073-AB83-CF346A9DBA50}.Debug|x86.Deploy.0 = Debug|iPhone
		{C72B4CB4-37AF-4073-AB83-CF346A9DBA50}.Release|Any CPU.ActiveCfg = Release|iPhone
		{C72B4CB4-37AF-4073-AB83-CF346A9DBA50}.Release|Any CPU.Build.0 = Release|iPhone
		{C72B4CB4-37AF-4073-AB83-CF346A9DBA50}.Release|Any CPU.Deploy.0 = Release|iPhone
		{C72B4CB4-37AF-4073-AB83-CF346A9DBA50}.Release|ARM.ActiveCfg = Release|iPhone
		{C72B4CB4-37AF-4073-AB83-CF346A9DBA50}.Release|ARM.Build.0 = Release|iPhone
		{C72B4CB4-37AF-4073-AB83-CF346A9DBA50}.Release|ARM.Deploy.0 = Release|iPhone
		{C72B4CB4-37AF-4073-AB83-CF346A9DBA50}.Release|iPhone.ActiveCfg = Release|iPhone
		{C72B4CB4-37AF-4073-AB83-CF346A9DBA50}.Release|iPhone.Build.0 = Release|iPhone
		{C72B4CB4-37AF-4073-AB83-CF346A9DBA50}.Release|iPhone.Deploy.0 = Release|iPhone
		{C72B4CB4-37AF-4073-AB83-CF346A9DBA50}.Release|iPhoneSimulator.ActiveCfg = Release|iPhoneSimulator
		{C72B4CB4-37AF-4073-AB83-CF346A9DBA50}.Release|iPhoneSimulator.Build.0 = Release|iPhoneSimulator
		{C72B4CB4-37AF-4073-AB83-CF346A9DBA50}.Release|iPhoneSimulator.Deploy.0 = Release|iPhoneSimulator
		{C72B4CB4-37AF-4073-AB83-CF346A9DBA50}.Release|x64.ActiveCfg = Release|iPhone
		{C72B4CB4-37AF-4073-AB83-CF346A9DBA50}.Release|x64.Build.0 = Release|iPhone
		{C72B4CB4-37AF-4073-AB83-CF346A9DBA50}.Release|x64.Deploy.0 = Release|iPhone
		{C72B4CB4-37AF-4073-AB83-CF346A9DBA50}.Release|x86.ActiveCfg = Release|iPhone
		{C72B4CB4-37AF-4073-AB83-CF346A9DBA50}.Release|x86.Build.0 = Release|iPhone
		{C72B4CB4-37AF-4073-AB83-CF346A9DBA50}.Release|x86.Deploy.0 = Release|iPhone
		{413AFDD7-C507-4CEA-8D36-D03E2F27A0A8}.Debug|Any CPU.ActiveCfg = Debug|Any CPU
		{413AFDD7-C507-4CEA-8D36-D03E2F27A0A8}.Debug|Any CPU.Build.0 = Debug|Any CPU
		{413AFDD7-C507-4CEA-8D36-D03E2F27A0A8}.Debug|Any CPU.Deploy.0 = Debug|Any CPU
		{413AFDD7-C507-4CEA-8D36-D03E2F27A0A8}.Debug|ARM.ActiveCfg = Debug|Any CPU
		{413AFDD7-C507-4CEA-8D36-D03E2F27A0A8}.Debug|ARM.Build.0 = Debug|Any CPU
		{413AFDD7-C507-4CEA-8D36-D03E2F27A0A8}.Debug|ARM.Deploy.0 = Debug|Any CPU
		{413AFDD7-C507-4CEA-8D36-D03E2F27A0A8}.Debug|iPhone.ActiveCfg = Debug|Any CPU
		{413AFDD7-C507-4CEA-8D36-D03E2F27A0A8}.Debug|iPhone.Build.0 = Debug|Any CPU
		{413AFDD7-C507-4CEA-8D36-D03E2F27A0A8}.Debug|iPhone.Deploy.0 = Debug|Any CPU
		{413AFDD7-C507-4CEA-8D36-D03E2F27A0A8}.Debug|iPhoneSimulator.ActiveCfg = Debug|Any CPU
		{413AFDD7-C507-4CEA-8D36-D03E2F27A0A8}.Debug|iPhoneSimulator.Build.0 = Debug|Any CPU
		{413AFDD7-C507-4CEA-8D36-D03E2F27A0A8}.Debug|iPhoneSimulator.Deploy.0 = Debug|Any CPU
		{413AFDD7-C507-4CEA-8D36-D03E2F27A0A8}.Debug|x64.ActiveCfg = Debug|Any CPU
		{413AFDD7-C507-4CEA-8D36-D03E2F27A0A8}.Debug|x64.Build.0 = Debug|Any CPU
		{413AFDD7-C507-4CEA-8D36-D03E2F27A0A8}.Debug|x64.Deploy.0 = Debug|Any CPU
		{413AFDD7-C507-4CEA-8D36-D03E2F27A0A8}.Debug|x86.ActiveCfg = Debug|Any CPU
		{413AFDD7-C507-4CEA-8D36-D03E2F27A0A8}.Debug|x86.Build.0 = Debug|Any CPU
		{413AFDD7-C507-4CEA-8D36-D03E2F27A0A8}.Debug|x86.Deploy.0 = Debug|Any CPU
		{413AFDD7-C507-4CEA-8D36-D03E2F27A0A8}.Release|Any CPU.ActiveCfg = Release|Any CPU
		{413AFDD7-C507-4CEA-8D36-D03E2F27A0A8}.Release|Any CPU.Build.0 = Release|Any CPU
		{413AFDD7-C507-4CEA-8D36-D03E2F27A0A8}.Release|Any CPU.Deploy.0 = Release|Any CPU
		{413AFDD7-C507-4CEA-8D36-D03E2F27A0A8}.Release|ARM.ActiveCfg = Release|Any CPU
		{413AFDD7-C507-4CEA-8D36-D03E2F27A0A8}.Release|ARM.Build.0 = Release|Any CPU
		{413AFDD7-C507-4CEA-8D36-D03E2F27A0A8}.Release|ARM.Deploy.0 = Release|Any CPU
		{413AFDD7-C507-4CEA-8D36-D03E2F27A0A8}.Release|iPhone.ActiveCfg = Release|Any CPU
		{413AFDD7-C507-4CEA-8D36-D03E2F27A0A8}.Release|iPhone.Build.0 = Release|Any CPU
		{413AFDD7-C507-4CEA-8D36-D03E2F27A0A8}.Release|iPhone.Deploy.0 = Release|Any CPU
		{413AFDD7-C507-4CEA-8D36-D03E2F27A0A8}.Release|iPhoneSimulator.ActiveCfg = Release|Any CPU
		{413AFDD7-C507-4CEA-8D36-D03E2F27A0A8}.Release|iPhoneSimulator.Build.0 = Release|Any CPU
		{413AFDD7-C507-4CEA-8D36-D03E2F27A0A8}.Release|iPhoneSimulator.Deploy.0 = Release|Any CPU
		{413AFDD7-C507-4CEA-8D36-D03E2F27A0A8}.Release|x64.ActiveCfg = Release|Any CPU
		{413AFDD7-C507-4CEA-8D36-D03E2F27A0A8}.Release|x64.Build.0 = Release|Any CPU
		{413AFDD7-C507-4CEA-8D36-D03E2F27A0A8}.Release|x64.Deploy.0 = Release|Any CPU
		{413AFDD7-C507-4CEA-8D36-D03E2F27A0A8}.Release|x86.ActiveCfg = Release|Any CPU
		{413AFDD7-C507-4CEA-8D36-D03E2F27A0A8}.Release|x86.Build.0 = Release|Any CPU
		{413AFDD7-C507-4CEA-8D36-D03E2F27A0A8}.Release|x86.Deploy.0 = Release|Any CPU
	EndGlobalSection
	GlobalSection(SolutionProperties) = preSolution
		HideSolutionNode = FALSE
	EndGlobalSection
	GlobalSection(ExtensibilityGlobals) = postSolution
		SolutionGuid = {76DF1C58-20A1-4CBA-8332-B2C9A452D315}
	EndGlobalSection
EndGlobal
